
Microsoft Visual Studio Solution File, Format Version 12.00
# Visual Studio Version 16
VisualStudioVersion = 16.0.31515.178
MinimumVisualStudioVersion = 10.0.40219.1
Project("{FAE04EC0-301F-11D3-BF4B-00C04F79EFBC}") = "MyCms", "MyCms\MyCms.csproj", "{7957C724-D79E-4ED2-86E3-D8277F388480}"
EndProject
Project("{FAE04EC0-301F-11D3-BF4B-00C04F79EFBC}") = "DataLayer", "DataLayer\DataLayer.csproj", "{A08F8F2B-047B-4726-BFA3-02CD2FDFA691}"
EndProject
Global
	GlobalSection(SolutionConfigurationPlatforms) = preSolution
		Debug|Any CPU = Debug|Any CPU
		Release|Any CPU = Release|Any CPU
	EndGlobalSection
	GlobalSection(ProjectConfigurationPlatforms) = postSolution
		{7957C724-D79E-4ED2-86E3-D8277F388480}.Debug|Any CPU.ActiveCfg = Debug|Any CPU
		{7957C724-D79E-4ED2-86E3-D8277F388480}.Debug|Any CPU.Build.0 = Debug|Any CPU
		{7957C724-D79E-4ED2-86E3-D8277F388480}.Release|Any CPU.ActiveCfg = Release|Any CPU
		{7957C724-D79E-4ED2-86E3-D8277F388480}.Release|Any CPU.Build.0 = Release|Any CPU
		{A08F8F2B-047B-4726-BFA3-02CD2FDFA691}.Debug|Any CPU.ActiveCfg = Debug|Any CPU
		{A08F8F2B-047B-4726-BFA3-02CD2FDFA691}.Debug|Any CPU.Build.0 = Debug|Any CPU
		{A08F8F2B-047B-4726-BFA3-02CD2FDFA691}.Release|Any CPU.ActiveCfg = Release|Any CPU
		{A08F8F2B-047B-4726-BFA3-02CD2FDFA691}.Release|Any CPU.Build.0 = Release|Any CPU
	EndGlobalSection
	GlobalSection(SolutionProperties) = preSolution
		HideSolutionNode = FALSE
	EndGlobalSection
	GlobalSection(ExtensibilityGlobals) = postSolution
		SolutionGuid = {E8B62341-1AA7-4FF2-9C76-182D761A523C}
	EndGlobalSection
EndGlobal
